
Microsoft Visual Studio Solution File, Format Version 12.00
# Visual Studio Version 17
VisualStudioVersion = 17.7.34031.279
MinimumVisualStudioVersion = 10.0.40219.1
Project("{FAE04EC0-301F-11D3-BF4B-00C04F79EFBC}") = "calc2.0", "calc2.0\calc2.0.csproj", "{CF3C591D-8D74-4A86-8430-DEE379B1A0DD}"
EndProject
Global
	GlobalSection(SolutionConfigurationPlatforms) = preSolution
		Debug|Any CPU = Debug|Any CPU
		Release|Any CPU = Release|Any CPU
	EndGlobalSection
	GlobalSection(ProjectConfigurationPlatforms) = postSolution
		{CF3C591D-8D74-4A86-8430-DEE379B1A0DD}.Debug|Any CPU.ActiveCfg = Debug|Any CPU
		{CF3C591D-8D74-4A86-8430-DEE379B1A0DD}.Debug|Any CPU.Build.0 = Debug|Any CPU
		{CF3C591D-8D74-4A86-8430-DEE379B1A0DD}.Release|Any CPU.ActiveCfg = Release|Any CPU
		{CF3C591D-8D74-4A86-8430-DEE379B1A0DD}.Release|Any CPU.Build.0 = Release|Any CPU
	EndGlobalSection
	GlobalSection(SolutionProperties) = preSolution
		HideSolutionNode = FALSE
	EndGlobalSection
	GlobalSection(ExtensibilityGlobals) = postSolution
		SolutionGuid = {05F305D3-99D7-4CC0-AADB-ABDEAF9B72DF}
	EndGlobalSection
EndGlobal
